
Microsoft Visual Studio Solution File, Format Version 12.00
# Visual Studio Version 16
VisualStudioVersion = 16.0.32228.343
MinimumVisualStudioVersion = 10.0.40219.1
Project("{8BC9CEB8-8B4A-11D0-8D11-00A0C91BC942}") = "RedWare", "external.vcxproj", "{EF9D6F5B-103A-43CD-87CE-B374CD7041CA}"
EndProject
Global
	GlobalSection(SolutionConfigurationPlatforms) = preSolution
		Debug|x64 = Debug|x64
		Debug|x86 = Debug|x86
		Release|x64 = Release|x64
		Release|x86 = Release|x86
	EndGlobalSection
	GlobalSection(ProjectConfigurationPlatforms) = postSolution
		{EF9D6F5B-103A-43CD-87CE-B374CD7041CA}.Debug|x64.ActiveCfg = Debug|x64
		{EF9D6F5B-103A-43CD-87CE-B374CD7041CA}.Debug|x64.Build.0 = Debug|x64
		{EF9D6F5B-103A-43CD-87CE-B374CD7041CA}.Debug|x86.ActiveCfg = Debug|Win32
		{EF9D6F5B-103A-43CD-87CE-B374CD7041CA}.Debug|x86.Build.0 = Debug|Win32
		{EF9D6F5B-103A-43CD-87CE-B374CD7041CA}.Release|x64.ActiveCfg = Release|x64
		{EF9D6F5B-103A-43CD-87CE-B374CD7041CA}.Release|x64.Build.0 = Release|x64
		{EF9D6F5B-103A-43CD-87CE-B374CD7041CA}.Release|x86.ActiveCfg = Release|Win32
		{EF9D6F5B-103A-43CD-87CE-B374CD7041CA}.Release|x86.Build.0 = Release|Win32
	EndGlobalSection
	GlobalSection(SolutionProperties) = preSolution
		HideSolutionNode = FALSE
	EndGlobalSection
	GlobalSection(ExtensibilityGlobals) = postSolution
		SolutionGuid = {7D36C170-E8D2-475A-9179-3CD47205BD4D}
	EndGlobalSection
EndGlobal
